// !$*UTF8*$!
{
	archiveVersion = 1;
	classes = {
	};
	objectVersion = 56;
	objects = {

/* Begin PBXBuildFile section */
		EB0F03362B0CC28F006538DC /* SwiftScanApp.swift in Sources */ = {isa = PBXBuildFile; fileRef = EB0F03352B0CC28F006538DC /* SwiftScanApp.swift */; };
		EB0F03382B0CC28F006538DC /* ContentView.swift in Sources */ = {isa = PBXBuildFile; fileRef = EB0F03372B0CC28F006538DC /* ContentView.swift */; };
		EB0F033A2B0CC290006538DC /* Assets.xcassets in Resources */ = {isa = PBXBuildFile; fileRef = EB0F03392B0CC290006538DC /* Assets.xcassets */; };
		EB0F033D2B0CC290006538DC /* Preview Assets.xcassets in Resources */ = {isa = PBXBuildFile; fileRef = EB0F033C2B0CC290006538DC /* Preview Assets.xcassets */; };
		EB0F03472B0CC290006538DC /* SwiftScanTests.swift in Sources */ = {isa = PBXBuildFile; fileRef = EB0F03462B0CC290006538DC /* SwiftScanTests.swift */; };
		EB0F03512B0CC290006538DC /* SwiftScanUITests.swift in Sources */ = {isa = PBXBuildFile; fileRef = EB0F03502B0CC290006538DC /* SwiftScanUITests.swift */; };
		EB0F03532B0CC290006538DC /* SwiftScanUITestsLaunchTests.swift in Sources */ = {isa = PBXBuildFile; fileRef = EB0F03522B0CC290006538DC /* SwiftScanUITestsLaunchTests.swift */; };
		EBE3B90F2B0CF49F003AB965 /* BarcodeScannerView.swift in Sources */ = {isa = PBXBuildFile; fileRef = EBE3B90E2B0CF49F003AB965 /* BarcodeScannerView.swift */; };
		EBE3B9112B0CF551003AB965 /* BarcodeOverlay.swift in Sources */ = {isa = PBXBuildFile; fileRef = EBE3B9102B0CF551003AB965 /* BarcodeOverlay.swift */; };
		EBE3B9132B0CF5A7003AB965 /* VideoCaptureView.swift in Sources */ = {isa = PBXBuildFile; fileRef = EBE3B9122B0CF5A7003AB965 /* VideoCaptureView.swift */; };
/* End PBXBuildFile section */

/* Begin PBXContainerItemProxy section */
		EB0F03432B0CC290006538DC /* PBXContainerItemProxy */ = {
			isa = PBXContainerItemProxy;
			containerPortal = EB0F032A2B0CC28F006538DC /* Project object */;
			proxyType = 1;
			remoteGlobalIDString = EB0F03312B0CC28F006538DC;
			remoteInfo = SwiftScan;
		};
		EB0F034D2B0CC290006538DC /* PBXContainerItemProxy */ = {
			isa = PBXContainerItemProxy;
			containerPortal = EB0F032A2B0CC28F006538DC /* Project object */;
			proxyType = 1;
			remoteGlobalIDString = EB0F03312B0CC28F006538DC;
			remoteInfo = SwiftScan;
		};
/* End PBXContainerItemProxy section */

/* Begin PBXFileReference section */
		EB0F03322B0CC28F006538DC /* SwiftScan.app */ = {isa = PBXFileReference; explicitFileType = wrapper.application; includeInIndex = 0; path = SwiftScan.app; sourceTree = BUILT_PRODUCTS_DIR; };
		EB0F03352B0CC28F006538DC /* SwiftScanApp.swift */ = {isa = PBXFileReference; lastKnownFileType = sourcecode.swift; path = SwiftScanApp.swift; sourceTree = "<group>"; };
		EB0F03372B0CC28F006538DC /* ContentView.swift */ = {isa = PBXFileReference; lastKnownFileType = sourcecode.swift; path = ContentView.swift; sourceTree = "<group>"; };
		EB0F03392B0CC290006538DC /* Assets.xcassets */ = {isa = PBXFileReference; lastKnownFileType = folder.assetcatalog; path = Assets.xcassets; sourceTree = "<group>"; };
		EB0F033C2B0CC290006538DC /* Preview Assets.xcassets */ = {isa = PBXFileReference; lastKnownFileType = folder.assetcatalog; path = "Preview Assets.xcassets"; sourceTree = "<group>"; };
		EB0F03422B0CC290006538DC /* SwiftScanTests.xctest */ = {isa = PBXFileReference; explicitFileType = wrapper.cfbundle; includeInIndex = 0; path = SwiftScanTests.xctest; sourceTree = BUILT_PRODUCTS_DIR; };
		EB0F03462B0CC290006538DC /* SwiftScanTests.swift */ = {isa = PBXFileReference; lastKnownFileType = sourcecode.swift; path = SwiftScanTests.swift; sourceTree = "<group>"; };
		EB0F034C2B0CC290006538DC /* SwiftScanUITests.xctest */ = {isa = PBXFileReference; explicitFileType = wrapper.cfbundle; includeInIndex = 0; path = SwiftScanUITests.xctest; sourceTree = BUILT_PRODUCTS_DIR; };
		EB0F03502B0CC290006538DC /* SwiftScanUITests.swift */ = {isa = PBXFileReference; lastKnownFileType = sourcecode.swift; path = SwiftScanUITests.swift; sourceTree = "<group>"; };
		EB0F03522B0CC290006538DC /* SwiftScanUITestsLaunchTests.swift */ = {isa = PBXFileReference; lastKnownFileType = sourcecode.swift; path = SwiftScanUITestsLaunchTests.swift; sourceTree = "<group>"; };
		EBE3B90E2B0CF49F003AB965 /* BarcodeScannerView.swift */ = {isa = PBXFileReference; lastKnownFileType = sourcecode.swift; path = BarcodeScannerView.swift; sourceTree = "<group>"; };
		EBE3B9102B0CF551003AB965 /* BarcodeOverlay.swift */ = {isa = PBXFileReference; lastKnownFileType = sourcecode.swift; path = BarcodeOverlay.swift; sourceTree = "<group>"; };
		EBE3B9122B0CF5A7003AB965 /* VideoCaptureView.swift */ = {isa = PBXFileReference; lastKnownFileType = sourcecode.swift; path = VideoCaptureView.swift; sourceTree = "<group>"; };
/* End PBXFileReference section */

/* Begin PBXFrameworksBuildPhase section */
		EB0F032F2B0CC28F006538DC /* Frameworks */ = {
			isa = PBXFrameworksBuildPhase;
			buildActionMask = 2147483647;
			files = (
			);
			runOnlyForDeploymentPostprocessing = 0;
		};
		EB0F033F2B0CC290006538DC /* Frameworks */ = {
			isa = PBXFrameworksBuildPhase;
			buildActionMask = 2147483647;
			files = (
			);
			runOnlyForDeploymentPostprocessing = 0;
		};
		EB0F03492B0CC290006538DC /* Frameworks */ = {
			isa = PBXFrameworksBuildPhase;
			buildActionMask = 2147483647;
			files = (
			);
			runOnlyForDeploymentPostprocessing = 0;
		};
/* End PBXFrameworksBuildPhase section */

/* Begin PBXGroup section */
		EB0F03292B0CC28F006538DC = {
			isa = PBXGroup;
			children = (
				EB0F03342B0CC28F006538DC /* SwiftScan */,
				EB0F03452B0CC290006538DC /* SwiftScanTests */,
				EB0F034F2B0CC290006538DC /* SwiftScanUITests */,
				EB0F03332B0CC28F006538DC /* Products */,
			);
			sourceTree = "<group>";
		};
		EB0F03332B0CC28F006538DC /* Products */ = {
			isa = PBXGroup;
			children = (
				EB0F03322B0CC28F006538DC /* SwiftScan.app */,
				EB0F03422B0CC290006538DC /* SwiftScanTests.xctest */,
				EB0F034C2B0CC290006538DC /* SwiftScanUITests.xctest */,
			);
			name = Products;
			sourceTree = "<group>";
		};
		EB0F03342B0CC28F006538DC /* SwiftScan */ = {
			isa = PBXGroup;
			children = (
				EB0F03352B0CC28F006538DC /* SwiftScanApp.swift */,
				EB0F03372B0CC28F006538DC /* ContentView.swift */,
				EB0F03392B0CC290006538DC /* Assets.xcassets */,
				EB0F033B2B0CC290006538DC /* Preview Content */,
				EBE3B90E2B0CF49F003AB965 /* BarcodeScannerView.swift */,
				EBE3B9102B0CF551003AB965 /* BarcodeOverlay.swift */,
				EBE3B9122B0CF5A7003AB965 /* VideoCaptureView.swift */,
			);
			path = SwiftScan;
			sourceTree = "<group>";
		};
		EB0F033B2B0CC290006538DC /* Preview Content */ = {
			isa = PBXGroup;
			children = (
				EB0F033C2B0CC290006538DC /* Preview Assets.xcassets */,
			);
			path = "Preview Content";
			sourceTree = "<group>";
		};
		EB0F03452B0CC290006538DC /* SwiftScanTests */ = {
			isa = PBXGroup;
			children = (
				EB0F03462B0CC290006538DC /* SwiftScanTests.swift */,
			);
			path = SwiftScanTests;
			sourceTree = "<group>";
		};
		EB0F034F2B0CC290006538DC /* SwiftScanUITests */ = {
			isa = PBXGroup;
			children = (
				EB0F03502B0CC290006538DC /* SwiftScanUITests.swift */,
				EB0F03522B0CC290006538DC /* SwiftScanUITestsLaunchTests.swift */,
			);
			path = SwiftScanUITests;
			sourceTree = "<group>";
		};
/* End PBXGroup section */

/* Begin PBXNativeTarget section */
		EB0F03312B0CC28F006538DC /* SwiftScan */ = {
			isa = PBXNativeTarget;
			buildConfigurationList = EB0F03562B0CC290006538DC /* Build configuration list for PBXNativeTarget "SwiftScan" */;
			buildPhases = (
				EB0F032E2B0CC28F006538DC /* Sources */,
				EB0F032F2B0CC28F006538DC /* Frameworks */,
				EB0F03302B0CC28F006538DC /* Resources */,
			);
			buildRules = (
			);
			dependencies = (
			);
			name = SwiftScan;
			productName = SwiftScan;
			productReference = EB0F03322B0CC28F006538DC /* SwiftScan.app */;
			productType = "com.apple.product-type.application";
		};
		EB0F03412B0CC290006538DC /* SwiftScanTests */ = {
			isa = PBXNativeTarget;
			buildConfigurationList = EB0F03592B0CC290006538DC /* Build configuration list for PBXNativeTarget "SwiftScanTests" */;
			buildPhases = (
				EB0F033E2B0CC290006538DC /* Sources */,
				EB0F033F2B0CC290006538DC /* Frameworks */,
				EB0F03402B0CC290006538DC /* Resources */,
			);
			buildRules = (
			);
			dependencies = (
				EB0F03442B0CC290006538DC /* PBXTargetDependency */,
			);
			name = SwiftScanTests;
			productName = SwiftScanTests;
			productReference = EB0F03422B0CC290006538DC /* SwiftScanTests.xctest */;
			productType = "com.apple.product-type.bundle.unit-test";
		};
		EB0F034B2B0CC290006538DC /* SwiftScanUITests */ = {
			isa = PBXNativeTarget;
			buildConfigurationList = EB0F035C2B0CC290006538DC /* Build configuration list for PBXNativeTarget "SwiftScanUITests" */;
			buildPhases = (
				EB0F03482B0CC290006538DC /* Sources */,
				EB0F03492B0CC290006538DC /* Frameworks */,
				EB0F034A2B0CC290006538DC /* Resources */,
			);
			buildRules = (
			);
			dependencies = (
				EB0F034E2B0CC290006538DC /* PBXTargetDependency */,
			);
			name = SwiftScanUITests;
			productName = SwiftScanUITests;
			productReference = EB0F034C2B0CC290006538DC /* SwiftScanUITests.xctest */;
			productType = "com.apple.product-type.bundle.ui-testing";
		};
/* End PBXNativeTarget section */

/* Begin PBXProject section */
		EB0F032A2B0CC28F006538DC /* Project object */ = {
			isa = PBXProject;
			attributes = {
				BuildIndependentTargetsInParallel = 1;
				LastSwiftUpdateCheck = 1500;
				LastUpgradeCheck = 1500;
				TargetAttributes = {
					EB0F03312B0CC28F006538DC = {
						CreatedOnToolsVersion = 15.0.1;
					};
					EB0F03412B0CC290006538DC = {
						CreatedOnToolsVersion = 15.0.1;
						TestTargetID = EB0F03312B0CC28F006538DC;
					};
					EB0F034B2B0CC290006538DC = {
						CreatedOnToolsVersion = 15.0.1;
						TestTargetID = EB0F03312B0CC28F006538DC;
					};
				};
			};
			buildConfigurationList = EB0F032D2B0CC28F006538DC /* Build configuration list for PBXProject "SwiftScan" */;
			compatibilityVersion = "Xcode 14.0";
			developmentRegion = en;
			hasScannedForEncodings = 0;
			knownRegions = (
				en,
				Base,
			);
			mainGroup = EB0F03292B0CC28F006538DC;
			productRefGroup = EB0F03332B0CC28F006538DC /* Products */;
			projectDirPath = "";
			projectRoot = "";
			targets = (
				EB0F03312B0CC28F006538DC /* SwiftScan */,
				EB0F03412B0CC290006538DC /* SwiftScanTests */,
				EB0F034B2B0CC290006538DC /* SwiftScanUITests */,
			);
		};
/* End PBXProject section */

/* Begin PBXResourcesBuildPhase section */
		EB0F03302B0CC28F006538DC /* Resources */ = {
			isa = PBXResourcesBuildPhase;
			buildActionMask = 2147483647;
			files = (
				EB0F033D2B0CC290006538DC /* Preview Assets.xcassets in Resources */,
				EB0F033A2B0CC290006538DC /* Assets.xcassets in Resources */,
			);
			runOnlyForDeploymentPostprocessing = 0;
		};
		EB0F03402B0CC290006538DC /* Resources */ = {
			isa = PBXResourcesBuildPhase;
			buildActionMask = 2147483647;
			files = (
			);
			runOnlyForDeploymentPostprocessing = 0;
		};
		EB0F034A2B0CC290006538DC /* Resources */ = {
			isa = PBXResourcesBuildPhase;
			buildActionMask = 2147483647;
			files = (
			);
			runOnlyForDeploymentPostprocessing = 0;
		};
/* End PBXResourcesBuildPhase section */

/* Begin PBXSourcesBuildPhase section */
		EB0F032E2B0CC28F006538DC /* Sources */ = {
			isa = PBXSourcesBuildPhase;
			buildActionMask = 2147483647;
			files = (
				EBE3B9132B0CF5A7003AB965 /* VideoCaptureView.swift in Sources */,
				EBE3B90F2B0CF49F003AB965 /* BarcodeScannerView.swift in Sources */,
				EBE3B9112B0CF551003AB965 /* BarcodeOverlay.swift in Sources */,
				EB0F03382B0CC28F006538DC /* ContentView.swift in Sources */,
				EB0F03362B0CC28F006538DC /* SwiftScanApp.swift in Sources */,
			);
			runOnlyForDeploymentPostprocessing = 0;
		};
		EB0F033E2B0CC290006538DC /* Sources */ = {
			isa = PBXSourcesBuildPhase;
			buildActionMask = 2147483647;
			files = (
				EB0F03472B0CC290006538DC /* SwiftScanTests.swift in Sources */,
			);
			runOnlyForDeploymentPostprocessing = 0;
		};
		EB0F03482B0CC290006538DC /* Sources */ = {
			isa = PBXSourcesBuildPhase;
			buildActionMask = 2147483647;
			files = (
				EB0F03512B0CC290006538DC /* SwiftScanUITests.swift in Sources */,
				EB0F03532B0CC290006538DC /* SwiftScanUITestsLaunchTests.swift in Sources */,
			);
			runOnlyForDeploymentPostprocessing = 0;
		};
/* End PBXSourcesBuildPhase section */

/* Begin PBXTargetDependency section */
		EB0F03442B0CC290006538DC /* PBXTargetDependency */ = {
			isa = PBXTargetDependency;
			target = EB0F03312B0CC28F006538DC /* SwiftScan */;
			targetProxy = EB0F03432B0CC290006538DC /* PBXContainerItemProxy */;
		};
		EB0F034E2B0CC290006538DC /* PBXTargetDependency */ = {
			isa = PBXTargetDependency;
			target = EB0F03312B0CC28F006538DC /* SwiftScan */;
			targetProxy = EB0F034D2B0CC290006538DC /* PBXContainerItemProxy */;
		};
/* End PBXTargetDependency section */

/* Begin XCBuildConfiguration section */
		EB0F03542B0CC290006538DC /* Debug */ = {
			isa = XCBuildConfiguration;
			buildSettings = {
				ALWAYS_SEARCH_USER_PATHS = NO;
				ASSETCATALOG_COMPILER_GENERATE_SWIFT_ASSET_SYMBOL_EXTENSIONS = YES;
				CLANG_ANALYZER_NONNULL = YES;
				CLANG_ANALYZER_NUMBER_OBJECT_CONVERSION = YES_AGGRESSIVE;
				CLANG_CXX_LANGUAGE_STANDARD = "gnu++20";
				CLANG_ENABLE_MODULES = YES;
				CLANG_ENABLE_OBJC_ARC = YES;
				CLANG_ENABLE_OBJC_WEAK = YES;
				CLANG_WARN_BLOCK_CAPTURE_AUTORELEASING = YES;
				CLANG_WARN_BOOL_CONVERSION = YES;
				CLANG_WARN_COMMA = YES;
				CLANG_WARN_CONSTANT_CONVERSION = YES;
				CLANG_WARN_DEPRECATED_OBJC_IMPLEMENTATIONS = YES;
				CLANG_WARN_DIRECT_OBJC_ISA_USAGE = YES_ERROR;
				CLANG_WARN_DOCUMENTATION_COMMENTS = YES;
				CLANG_WARN_EMPTY_BODY = YES;
				CLANG_WARN_ENUM_CONVERSION = YES;
				CLANG_WARN_INFINITE_RECURSION = YES;
				CLANG_WARN_INT_CONVERSION = YES;
				CLANG_WARN_NON_LITERAL_NULL_CONVERSION = YES;
				CLANG_WARN_OBJC_IMPLICIT_RETAIN_SELF = YES;
				CLANG_WARN_OBJC_LITERAL_CONVERSION = YES;
				CLANG_WARN_OBJC_ROOT_CLASS = YES_ERROR;
				CLANG_WARN_QUOTED_INCLUDE_IN_FRAMEWORK_HEADER = YES;
				CLANG_WARN_RANGE_LOOP_ANALYSIS = YES;
				CLANG_WARN_STRICT_PROTOTYPES = YES;
				CLANG_WARN_SUSPICIOUS_MOVE = YES;
				CLANG_WARN_UNGUARDED_AVAILABILITY = YES_AGGRESSIVE;
				CLANG_WARN_UNREACHABLE_CODE = YES;
				CLANG_WARN__DUPLICATE_METHOD_MATCH = YES;
				COPY_PHASE_STRIP = NO;
				DEBUG_INFORMATION_FORMAT = dwarf;
				ENABLE_STRICT_OBJC_MSGSEND = YES;
				ENABLE_TESTABILITY = YES;
				ENABLE_USER_SCRIPT_SANDBOXING = YES;
				GCC_C_LANGUAGE_STANDARD = gnu17;
				GCC_DYNAMIC_NO_PIC = NO;
				GCC_NO_COMMON_BLOCKS = YES;
				GCC_OPTIMIZATION_LEVEL = 0;
				GCC_PREPROCESSOR_DEFINITIONS = (
					"DEBUG=1",
					"$(inherited)",
				);
				GCC_WARN_64_TO_32_BIT_CONVERSION = YES;
				GCC_WARN_ABOUT_RETURN_TYPE = YES_ERROR;
				GCC_WARN_UNDECLARED_SELECTOR = YES;
				GCC_WARN_UNINITIALIZED_AUTOS = YES_AGGRESSIVE;
				GCC_WARN_UNUSED_FUNCTION = YES;
				GCC_WARN_UNUSED_VARIABLE = YES;
				IPHONEOS_DEPLOYMENT_TARGET = 17.0;
				LOCALIZATION_PREFERS_STRING_CATALOGS = YES;
				MTL_ENABLE_DEBUG_INFO = INCLUDE_SOURCE;
				MTL_FAST_MATH = YES;
				ONLY_ACTIVE_ARCH = YES;
				SDKROOT = iphoneos;
				SWIFT_ACTIVE_COMPILATION_CONDITIONS = "DEBUG $(inherited)";
				SWIFT_OPTIMIZATION_LEVEL = "-Onone";
			};
			name = Debug;
		};
		EB0F03552B0CC290006538DC /* Release */ = {
			isa = XCBuildConfiguration;
			buildSettings = {
				ALWAYS_SEARCH_USER_PATHS = NO;
				ASSETCATALOG_COMPILER_GENERATE_SWIFT_ASSET_SYMBOL_EXTENSIONS = YES;
				CLANG_ANALYZER_NONNULL = YES;
				CLANG_ANALYZER_NUMBER_OBJECT_CONVERSION = YES_AGGRESSIVE;
				CLANG_CXX_LANGUAGE_STANDARD = "gnu++20";
				CLANG_ENABLE_MODULES = YES;
				CLANG_ENABLE_OBJC_ARC = YES;
				CLANG_ENABLE_OBJC_WEAK = YES;
				CLANG_WARN_BLOCK_CAPTURE_AUTORELEASING = YES;
				CLANG_WARN_BOOL_CONVERSION = YES;
				CLANG_WARN_COMMA = YES;
				CLANG_WARN_CONSTANT_CONVERSION = YES;
				CLANG_WARN_DEPRECATED_OBJC_IMPLEMENTATIONS = YES;
				CLANG_WARN_DIRECT_OBJC_ISA_USAGE = YES_ERROR;
				CLANG_WARN_DOCUMENTATION_COMMENTS = YES;
				CLANG_WARN_EMPTY_BODY = YES;
				CLANG_WARN_ENUM_CONVERSION = YES;
				CLANG_WARN_INFINITE_RECURSION = YES;
				CLANG_WARN_INT_CONVERSION = YES;
				CLANG_WARN_NON_LITERAL_NULL_CONVERSION = YES;
				CLANG_WARN_OBJC_IMPLICIT_RETAIN_SELF = YES;
				CLANG_WARN_OBJC_LITERAL_CONVERSION = YES;
				CLANG_WARN_OBJC_ROOT_CLASS = YES_ERROR;
				CLANG_WARN_QUOTED_INCLUDE_IN_FRAMEWORK_HEADER = YES;
				CLANG_WARN_RANGE_LOOP_ANALYSIS = YES;
				CLANG_WARN_STRICT_PROTOTYPES = YES;
				CLANG_WARN_SUSPICIOUS_MOVE = YES;
				CLANG_WARN_UNGUARDED_AVAILABILITY = YES_AGGRESSIVE;
				CLANG_WARN_UNREACHABLE_CODE = YES;
				CLANG_WARN__DUPLICATE_METHOD_MATCH = YES;
				COPY_PHASE_STRIP = NO;
				DEBUG_INFORMATION_FORMAT = "dwarf-with-dsym";
				ENABLE_NS_ASSERTIONS = NO;
				ENABLE_STRICT_OBJC_MSGSEND = YES;
				ENABLE_USER_SCRIPT_SANDBOXING = YES;
				GCC_C_LANGUAGE_STANDARD = gnu17;
				GCC_NO_COMMON_BLOCKS = YES;
				GCC_WARN_64_TO_32_BIT_CONVERSION = YES;
				GCC_WARN_ABOUT_RETURN_TYPE = YES_ERROR;
				GCC_WARN_UNDECLARED_SELECTOR = YES;
				GCC_WARN_UNINITIALIZED_AUTOS = YES_AGGRESSIVE;
				GCC_WARN_UNUSED_FUNCTION = YES;
				GCC_WARN_UNUSED_VARIABLE = YES;
				IPHONEOS_DEPLOYMENT_TARGET = 17.0;
				LOCALIZATION_PREFERS_STRING_CATALOGS = YES;
				MTL_ENABLE_DEBUG_INFO = NO;
				MTL_FAST_MATH = YES;
				SDKROOT = iphoneos;
				SWIFT_COMPILATION_MODE = wholemodule;
				VALIDATE_PRODUCT = YES;
			};
			name = Release;
		};
		EB0F03572B0CC290006538DC /* Debug */ = {
			isa = XCBuildConfiguration;
			buildSettings = {
				ASSETCATALOG_COMPILER_APPICON_NAME = AppIcon;
				ASSETCATALOG_COMPILER_GLOBAL_ACCENT_COLOR_NAME = AccentColor;
				CODE_SIGN_STYLE = Automatic;
				CURRENT_PROJECT_VERSION = 1;
				DEVELOPMENT_ASSET_PATHS = "\"SwiftScan/Preview Content\"";
				DEVELOPMENT_TEAM = 54KLWW8ME6;
				ENABLE_PREVIEWS = YES;
				GENERATE_INFOPLIST_FILE = YES;
				INFOPLIST_KEY_NSCameraUsageDescription = "Your camera is used to scan barcodes";
				INFOPLIST_KEY_UIApplicationSceneManifest_Generation = YES;
				INFOPLIST_KEY_UIApplicationSupportsIndirectInputEvents = YES;
				INFOPLIST_KEY_UILaunchScreen_Generation = YES;
				INFOPLIST_KEY_UISupportedInterfaceOrientations_iPad = "UIInterfaceOrientationPortrait UIInterfaceOrientationPortraitUpsideDown UIInterfaceOrientationLandscapeLeft UIInterfaceOrientationLandscapeRight";
				INFOPLIST_KEY_UISupportedInterfaceOrientations_iPhone = "UIInterfaceOrientationPortrait UIInterfaceOrientationLandscapeLeft UIInterfaceOrientationLandscapeRight";
				LD_RUNPATH_SEARCH_PATHS = (
					"$(inherited)",
					"@executable_path/Frameworks",
				);
				MARKETING_VERSION = 1.0;
				PRODUCT_BUNDLE_IDENTIFIER = ch.sebug.SwiftScan;
				PRODUCT_NAME = "$(TARGET_NAME)";
				SWIFT_EMIT_LOC_STRINGS = YES;
				SWIFT_VERSION = 5.0;
				TARGETED_DEVICE_FAMILY = "1,2";
			};
			name = Debug;
		};
		EB0F03582B0CC290006538DC /* Release */ = {
			isa = XCBuildConfiguration;
			buildSettings = {
				ASSETCATALOG_COMPILER_APPICON_NAME = AppIcon;
				ASSETCATALOG_COMPILER_GLOBAL_ACCENT_COLOR_NAME = AccentColor;
				CODE_SIGN_STYLE = Automatic;
				CURRENT_PROJECT_VERSION = 1;
				DEVELOPMENT_ASSET_PATHS = "\"SwiftScan/Preview Content\"";
				DEVELOPMENT_TEAM = 54KLWW8ME6;
				ENABLE_PREVIEWS = YES;
				GENERATE_INFOPLIST_FILE = YES;
				INFOPLIST_KEY_NSCameraUsageDescription = "Your camera is used to scan barcodes";
				INFOPLIST_KEY_UIApplicationSceneManifest_Generation = YES;
				INFOPLIST_KEY_UIApplicationSupportsIndirectInputEvents = YES;
				INFOPLIST_KEY_UILaunchScreen_Generation = YES;
				INFOPLIST_KEY_UISupportedInterfaceOrientations_iPad = "UIInterfaceOrientationPortrait UIInterfaceOrientationPortraitUpsideDown UIInterfaceOrientationLandscapeLeft UIInterfaceOrientationLandscapeRight";
				INFOPLIST_KEY_UISupportedInterfaceOrientations_iPhone = "UIInterfaceOrientationPortrait UIInterfaceOrientationLandscapeLeft UIInterfaceOrientationLandscapeRight";
				LD_RUNPATH_SEARCH_PATHS = (
					"$(inherited)",
					"@executable_path/Frameworks",
				);
				MARKETING_VERSION = 1.0;
				PRODUCT_BUNDLE_IDENTIFIER = ch.sebug.SwiftScan;
				PRODUCT_NAME = "$(TARGET_NAME)";
				SWIFT_EMIT_LOC_STRINGS = YES;
				SWIFT_VERSION = 5.0;
				TARGETED_DEVICE_FAMILY = "1,2";
			};
			name = Release;
		};
		EB0F035A2B0CC290006538DC /* Debug */ = {
			isa = XCBuildConfiguration;
			buildSettings = {
				ALWAYS_EMBED_SWIFT_STANDARD_LIBRARIES = YES;
				BUNDLE_LOADER = "$(TEST_HOST)";
				CODE_SIGN_STYLE = Automatic;
				CURRENT_PROJECT_VERSION = 1;
				GENERATE_INFOPLIST_FILE = YES;
				IPHONEOS_DEPLOYMENT_TARGET = 17.0;
				MARKETING_VERSION = 1.0;
				PRODUCT_BUNDLE_IDENTIFIER = ch.sebug.SwiftScanTests;
				PRODUCT_NAME = "$(TARGET_NAME)";
				SWIFT_EMIT_LOC_STRINGS = NO;
				SWIFT_VERSION = 5.0;
				TARGETED_DEVICE_FAMILY = "1,2";
				TEST_HOST = "$(BUILT_PRODUCTS_DIR)/SwiftScan.app/$(BUNDLE_EXECUTABLE_FOLDER_PATH)/SwiftScan";
			};
			name = Debug;
		};
		EB0F035B2B0CC290006538DC /* Release */ = {
			isa = XCBuildConfiguration;
			buildSettings = {
				ALWAYS_EMBED_SWIFT_STANDARD_LIBRARIES = YES;
				BUNDLE_LOADER = "$(TEST_HOST)";
				CODE_SIGN_STYLE = Automatic;
				CURRENT_PROJECT_VERSION = 1;
				GENERATE_INFOPLIST_FILE = YES;
				IPHONEOS_DEPLOYMENT_TARGET = 17.0;
				MARKETING_VERSION = 1.0;
				PRODUCT_BUNDLE_IDENTIFIER = ch.sebug.SwiftScanTests;
				PRODUCT_NAME = "$(TARGET_NAME)";
				SWIFT_EMIT_LOC_STRINGS = NO;
				SWIFT_VERSION = 5.0;
				TARGETED_DEVICE_FAMILY = "1,2";
				TEST_HOST = "$(BUILT_PRODUCTS_DIR)/SwiftScan.app/$(BUNDLE_EXECUTABLE_FOLDER_PATH)/SwiftScan";
			};
			name = Release;
		};
		EB0F035D2B0CC290006538DC /* Debug */ = {
			isa = XCBuildConfiguration;
			buildSettings = {
				ALWAYS_EMBED_SWIFT_STANDARD_LIBRARIES = YES;
				CODE_SIGN_STYLE = Automatic;
				CURRENT_PROJECT_VERSION = 1;
				GENERATE_INFOPLIST_FILE = YES;
				MARKETING_VERSION = 1.0;
				PRODUCT_BUNDLE_IDENTIFIER = ch.sebug.SwiftScanUITests;
				PRODUCT_NAME = "$(TARGET_NAME)";
				SWIFT_EMIT_LOC_STRINGS = NO;
				SWIFT_VERSION = 5.0;
				TARGETED_DEVICE_FAMILY = "1,2";
				TEST_TARGET_NAME = SwiftScan;
			};
			name = Debug;
		};
		EB0F035E2B0CC290006538DC /* Release */ = {
			isa = XCBuildConfiguration;
			buildSettings = {
				ALWAYS_EMBED_SWIFT_STANDARD_LIBRARIES = YES;
				CODE_SIGN_STYLE = Automatic;
				CURRENT_PROJECT_VERSION = 1;
				GENERATE_INFOPLIST_FILE = YES;
				MARKETING_VERSION = 1.0;
				PRODUCT_BUNDLE_IDENTIFIER = ch.sebug.SwiftScanUITests;
				PRODUCT_NAME = "$(TARGET_NAME)";
				SWIFT_EMIT_LOC_STRINGS = NO;
				SWIFT_VERSION = 5.0;
				TARGETED_DEVICE_FAMILY = "1,2";
				TEST_TARGET_NAME = SwiftScan;
			};
			name = Release;
		};
/* End XCBuildConfiguration section */

/* Begin XCConfigurationList section */
		EB0F032D2B0CC28F006538DC /* Build configuration list for PBXProject "SwiftScan" */ = {
			isa = XCConfigurationList;
			buildConfigurations = (
				EB0F03542B0CC290006538DC /* Debug */,
				EB0F03552B0CC290006538DC /* Release */,
			);
			defaultConfigurationIsVisible = 0;
			defaultConfigurationName = Release;
		};
		EB0F03562B0CC290006538DC /* Build configuration list for PBXNativeTarget "SwiftScan" */ = {
			isa = XCConfigurationList;
			buildConfigurations = (
				EB0F03572B0CC290006538DC /* Debug */,
				EB0F03582B0CC290006538DC /* Release */,
			);
			defaultConfigurationIsVisible = 0;
			defaultConfigurationName = Release;
		};
		EB0F03592B0CC290006538DC /* Build configuration list for PBXNativeTarget "SwiftScanTests" */ = {
			isa = XCConfigurationList;
			buildConfigurations = (
				EB0F035A2B0CC290006538DC /* Debug */,
				EB0F035B2B0CC290006538DC /* Release */,
			);
			defaultConfigurationIsVisible = 0;
			defaultConfigurationName = Release;
		};
		EB0F035C2B0CC290006538DC /* Build configuration list for PBXNativeTarget "SwiftScanUITests" */ = {
			isa = XCConfigurationList;
			buildConfigurations = (
				EB0F035D2B0CC290006538DC /* Debug */,
				EB0F035E2B0CC290006538DC /* Release */,
			);
			defaultConfigurationIsVisible = 0;
			defaultConfigurationName = Release;
		};
/* End XCConfigurationList section */
	};
	rootObject = EB0F032A2B0CC28F006538DC /* Project object */;
}
